<?xml version="1.0" encoding="utf-8"?>
<Project ToolsVersion="4.0" xmlns="http://schemas.microsoft.com/developer/msbuild/2003">
  <ItemGroup>
    <None Include="ReadMe.txt" />
    <None Include="Dependencies\JsonCpp\src\lib_json\json_internalarray.inl">
      <Filter>Dependencies\JsonCpp\src\lib_json</Filter>
    </None>
    <None Include="Dependencies\JsonCpp\src\lib_json\json_internalmap.inl">
      <Filter>Dependencies\JsonCpp\src\lib_json</Filter>
    </None>
    <None Include="Dependencies\JsonCpp\src\lib_json\json_valueiterator.inl">
      <Filter>Dependencies\JsonCpp\src\lib_json</Filter>
    </None>
    <None Include="Dependencies\JsonCpp\src\lib_json\sconscript">
      <Filter>Dependencies\JsonCpp\src\lib_json</Filter>
    </None>
    <None Include="Shared\Utils\Singleton.inl">
      <Filter>Shared\Utils</Filter>
    </None>
  </ItemGroup>
  <ItemGroup>
    <Filter Include="Dependencies">
      <UniqueIdentifier>{8b9a0a97-986e-461f-9673-0fd961e310e5}</UniqueIdentifier>
    </Filter>
    <Filter Include="Dependencies\JsonCpp">
      <UniqueIdentifier>{a8ae7277-3dc4-4ec5-9056-dff33173cdef}</UniqueIdentifier>
    </Filter>
    <Filter Include="Dependencies\JsonCpp\include">
      <UniqueIdentifier>{41ad195b-ddd0-42b9-be17-93323edae152}</UniqueIdentifier>
    </Filter>
    <Filter Include="Dependencies\JsonCpp\include\json">
      <UniqueIdentifier>{81f9d7b1-6a81-45b0-a974-84d37df1b5b6}</UniqueIdentifier>
    </Filter>
    <Filter Include="Dependencies\JsonCpp\src">
      <UniqueIdentifier>{b1413365-e8e4-4516-aaec-faa2fe4e01d0}</UniqueIdentifier>
    </Filter>
    <Filter Include="Dependencies\JsonCpp\src\lib_json">
      <UniqueIdentifier>{34eea13a-2db0-4ae5-aa3c-3c7a619b9bd0}</UniqueIdentifier>
    </Filter>
    <Filter Include="Shared">
      <UniqueIdentifier>{b88de959-ffd5-442f-a2dc-8270e0d64316}</UniqueIdentifier>
    </Filter>
    <Filter Include="Shared\Utils">
      <UniqueIdentifier>{5f05a1aa-b61d-4c22-9aaf-24cc0fd22dcc}</UniqueIdentifier>
    </Filter>
    <Filter Include="Shared\MySQLdb">
      <UniqueIdentifier>{1cc74511-78d3-4c7a-80e8-35ea12f115b2}</UniqueIdentifier>
    </Filter>
    <Filter Include="Shared\Serialization">
      <UniqueIdentifier>{e57e9fd1-fb54-4a61-bc0c-9cd5da0d7a8c}</UniqueIdentifier>
    </Filter>
    <Filter Include="Shared\Net">
      <UniqueIdentifier>{ccf3fe91-f8ea-483a-98e3-eae15b0786c7}</UniqueIdentifier>
    </Filter>
  </ItemGroup>
  <ItemGroup>
    <ClInclude Include="Dependencies\JsonCpp\include\json\autolink.h">
      <Filter>Dependencies\JsonCpp\include\json</Filter>
    </ClInclude>
    <ClInclude Include="Dependencies\JsonCpp\include\json\config.h">
      <Filter>Dependencies\JsonCpp\include\json</Filter>
    </ClInclude>
    <ClInclude Include="Dependencies\JsonCpp\include\json\features.h">
      <Filter>Dependencies\JsonCpp\include\json</Filter>
    </ClInclude>
    <ClInclude Include="Dependencies\JsonCpp\include\json\forwards.h">
      <Filter>Dependencies\JsonCpp\include\json</Filter>
    </ClInclude>
    <ClInclude Include="Dependencies\JsonCpp\include\json\json.h">
      <Filter>Dependencies\JsonCpp\include\json</Filter>
    </ClInclude>
    <ClInclude Include="Dependencies\JsonCpp\include\json\reader.h">
      <Filter>Dependencies\JsonCpp\include\json</Filter>
    </ClInclude>
    <ClInclude Include="Dependencies\JsonCpp\include\json\value.h">
      <Filter>Dependencies\JsonCpp\include\json</Filter>
    </ClInclude>
    <ClInclude Include="Dependencies\JsonCpp\include\json\writer.h">
      <Filter>Dependencies\JsonCpp\include\json</Filter>
    </ClInclude>
    <ClInclude Include="Dependencies\JsonCpp\src\lib_json\json_batchallocator.h">
      <Filter>Dependencies\JsonCpp\src\lib_json</Filter>
    </ClInclude>
    <ClInclude Include="Shared\Utils\Typedefs.h">
      <Filter>Shared\Utils</Filter>
    </ClInclude>
    <ClInclude Include="Shared\Utils\Utils.h">
      <Filter>Shared\Utils</Filter>
    </ClInclude>
    <ClInclude Include="Shared\MySQLdb\MySQLConnection.h">
      <Filter>Shared\MySQLdb</Filter>
    </ClInclude>
    <ClInclude Include="Shared\MySQLdb\RecordSet.h">
      <Filter>Shared\MySQLdb</Filter>
    </ClInclude>
    <ClInclude Include="Shared\Serialization\PackPacket.h">
      <Filter>Shared\Serialization</Filter>
    </ClInclude>
    <ClInclude Include="Shared\Serialization\RawPacket.h">
      <Filter>Shared\Serialization</Filter>
    </ClInclude>
    <ClInclude Include="Shared\Serialization\UnpackPacket.h">
      <Filter>Shared\Serialization</Filter>
    </ClInclude>
    <ClInclude Include="Shared\Utils\Noncopyable.h">
      <Filter>Shared\Utils</Filter>
    </ClInclude>
    <ClInclude Include="Shared\Utils\Guard.h">
      <Filter>Shared\Utils</Filter>
    </ClInclude>
    <ClInclude Include="Shared\Utils\Lock.h">
      <Filter>Shared\Utils</Filter>
    </ClInclude>
    <ClInclude Include="Shared\Utils\SpinLock.h">
      <Filter>Shared\Utils</Filter>
    </ClInclude>
    <ClInclude Include="Shared\Utils\Singleton.h">
      <Filter>Shared\Utils</Filter>
    </ClInclude>
    <ClInclude Include="Shared\Utils\CommandBase.h">
      <Filter>Shared\Utils</Filter>
    </ClInclude>
    <ClInclude Include="Shared\Net\atomic_counter.hpp">
      <Filter>Shared\Net</Filter>
    </ClInclude>
    <ClInclude Include="Shared\Net\clock.hpp">
      <Filter>Shared\Net</Filter>
    </ClInclude>
    <ClInclude Include="Shared\Net\command.hpp">
      <Filter>Shared\Net</Filter>
    </ClInclude>
    <ClInclude Include="Shared\Net\epoll.hpp">
      <Filter>Shared\Net</Filter>
    </ClInclude>
    <ClInclude Include="Shared\Net\err.hpp">
      <Filter>Shared\Net</Filter>
    </ClInclude>
    <ClInclude Include="Shared\Net\fd.hpp">
      <Filter>Shared\Net</Filter>
    </ClInclude>
    <ClInclude Include="Shared\Net\i_poll_events.hpp">
      <Filter>Shared\Net</Filter>
    </ClInclude>
    <ClInclude Include="Shared\Net\io_thread.hpp">
      <Filter>Shared\Net</Filter>
    </ClInclude>
    <ClInclude Include="Shared\Net\mailbox.hpp">
      <Filter>Shared\Net</Filter>
    </ClInclude>
    <ClInclude Include="Shared\Net\poller.hpp">
      <Filter>Shared\Net</Filter>
    </ClInclude>
    <ClInclude Include="Shared\Net\poller_base.hpp">
      <Filter>Shared\Net</Filter>
    </ClInclude>
    <ClInclude Include="Shared\Net\select.hpp">
      <Filter>Shared\Net</Filter>
    </ClInclude>
    <ClInclude Include="Shared\Net\signaler.hpp">
      <Filter>Shared\Net</Filter>
    </ClInclude>
    <ClInclude Include="Shared\Net\mutex.hpp">
      <Filter>Shared\Net</Filter>
    </ClInclude>
    <ClInclude Include="Shared\Net\likely.hpp">
      <Filter>Shared\Net</Filter>
    </ClInclude>
    <ClInclude Include="Shared\Net\thread.hpp">
      <Filter>Shared\Net</Filter>
    </ClInclude>
    <ClInclude Include="Shared\Net\platform.hpp">
      <Filter>Shared\Net</Filter>
    </ClInclude>
    <ClInclude Include="Shared\Net\object.hpp">
      <Filter>Shared\Net</Filter>
    </ClInclude>
    <ClInclude Include="Shared\Net\ctx.hpp">
      <Filter>Shared\Net</Filter>
    </ClInclude>
    <ClInclude Include="Shared\Net\io_object.hpp">
      <Filter>Shared\Net</Filter>
    </ClInclude>
    <ClInclude Include="Shared\Net\tcp_connecter.hpp">
      <Filter>Shared\Net</Filter>
    </ClInclude>
    <ClInclude Include="Shared\Net\tcp_listener.hpp">
      <Filter>Shared\Net</Filter>
    </ClInclude>
    <ClInclude Include="Shared\Net\tcp_socket.hpp">
      <Filter>Shared\Net</Filter>
    </ClInclude>
    <ClInclude Include="Shared\Net\zmq_engine.hpp">
      <Filter>Shared\Net</Filter>
    </ClInclude>
    <ClInclude Include="Shared\Net\zmq_listener.hpp">
      <Filter>Shared\Net</Filter>
    </ClInclude>
    <ClInclude Include="Shared\Net\config.hpp">
      <Filter>Shared\Net</Filter>
    </ClInclude>
    <ClInclude Include="Shared\Net\initsock.h">
      <Filter>Shared\Net</Filter>
    </ClInclude>
  </ItemGroup>
  <ItemGroup>
    <ClCompile Include="Dependencies\JsonCpp\src\lib_json\json_reader.cpp">
      <Filter>Dependencies\JsonCpp\src\lib_json</Filter>
    </ClCompile>
    <ClCompile Include="Dependencies\JsonCpp\src\lib_json\json_value.cpp">
      <Filter>Dependencies\JsonCpp\src\lib_json</Filter>
    </ClCompile>
    <ClCompile Include="Dependencies\JsonCpp\src\lib_json\json_writer.cpp">
      <Filter>Dependencies\JsonCpp\src\lib_json</Filter>
    </ClCompile>
    <ClCompile Include="Shared\Utils\Utils.cpp">
      <Filter>Shared\Utils</Filter>
    </ClCompile>
    <ClCompile Include="Shared\MySQLdb\MySQLConnection.cpp">
      <Filter>Shared\MySQLdb</Filter>
    </ClCompile>
    <ClCompile Include="Shared\MySQLdb\RecordSet.cpp">
      <Filter>Shared\MySQLdb</Filter>
    </ClCompile>
    <ClCompile Include="Shared\Serialization\PackPacket.cpp">
      <Filter>Shared\Serialization</Filter>
    </ClCompile>
    <ClCompile Include="Shared\Serialization\RawPacket.cpp">
      <Filter>Shared\Serialization</Filter>
    </ClCompile>
    <ClCompile Include="Shared\Serialization\UnpackPacket.cpp">
      <Filter>Shared\Serialization</Filter>
    </ClCompile>
    <ClCompile Include="Shared\Utils\Guard.cpp">
      <Filter>Shared\Utils</Filter>
    </ClCompile>
    <ClCompile Include="Shared\Utils\SpinLock.cpp">
      <Filter>Shared\Utils</Filter>
    </ClCompile>
    <ClCompile Include="Shared\Utils\CommandBase.cpp">
      <Filter>Shared\Utils</Filter>
    </ClCompile>
    <ClCompile Include="Shared\Net\clock.cpp">
      <Filter>Shared\Net</Filter>
    </ClCompile>
    <ClCompile Include="Shared\Net\command.cpp">
      <Filter>Shared\Net</Filter>
    </ClCompile>
    <ClCompile Include="Shared\Net\epoll.cpp">
      <Filter>Shared\Net</Filter>
    </ClCompile>
    <ClCompile Include="Shared\Net\io_thread.cpp">
      <Filter>Shared\Net</Filter>
    </ClCompile>
    <ClCompile Include="Shared\Net\mailbox.cpp">
      <Filter>Shared\Net</Filter>
    </ClCompile>
    <ClCompile Include="Shared\Net\poller_base.cpp">
      <Filter>Shared\Net</Filter>
    </ClCompile>
    <ClCompile Include="Shared\Net\select.cpp">
      <Filter>Shared\Net</Filter>
    </ClCompile>
    <ClCompile Include="Shared\Net\signaler.cpp">
      <Filter>Shared\Net</Filter>
    </ClCompile>
    <ClCompile Include="Shared\Net\err.cpp">
      <Filter>Shared\Net</Filter>
    </ClCompile>
    <ClCompile Include="Shared\Net\thread.cpp">
      <Filter>Shared\Net</Filter>
    </ClCompile>
    <ClCompile Include="Shared\Net\object.cpp">
      <Filter>Shared\Net</Filter>
    </ClCompile>
    <ClCompile Include="Shared\Net\ctx.cpp">
      <Filter>Shared\Net</Filter>
    </ClCompile>
    <ClCompile Include="Shared\Net\io_object.cpp">
      <Filter>Shared\Net</Filter>
    </ClCompile>
    <ClCompile Include="Shared\Net\tcp_connecter.cpp">
      <Filter>Shared\Net</Filter>
    </ClCompile>
    <ClCompile Include="Shared\Net\tcp_listener.cpp">
      <Filter>Shared\Net</Filter>
    </ClCompile>
    <ClCompile Include="Shared\Net\tcp_socket.cpp">
      <Filter>Shared\Net</Filter>
    </ClCompile>
    <ClCompile Include="Shared\Net\zmq_engine.cpp">
      <Filter>Shared\Net</Filter>
    </ClCompile>
    <ClCompile Include="Shared\Net\zmq_listener.cpp">
      <Filter>Shared\Net</Filter>
    </ClCompile>
  </ItemGroup>
</Project>