<?xml version="1.0" encoding="utf-8"?>
<Project ToolsVersion="4.0" xmlns="http://schemas.microsoft.com/developer/msbuild/2003">
  <ItemGroup>
    <Filter Include="TestJsonCpp">
      <UniqueIdentifier>{0ff490a7-6355-4dd7-a073-a409ef5c2d87}</UniqueIdentifier>
    </Filter>
    <Filter Include="TestMySQL">
      <UniqueIdentifier>{57b7ff25-cb3b-4af8-b676-5b4663d5c4e0}</UniqueIdentifier>
    </Filter>
    <Filter Include="TestSerialization">
      <UniqueIdentifier>{19bd2787-f227-423f-bf0d-7c39d5005f88}</UniqueIdentifier>
    </Filter>
    <Filter Include="TestNetService">
      <UniqueIdentifier>{b63b71ab-5f19-4060-8d27-83bf6d44153d}</UniqueIdentifier>
    </Filter>
    <Filter Include="TestNetClient">
      <UniqueIdentifier>{7c5d2383-d3a1-412d-a455-e3987368d459}</UniqueIdentifier>
    </Filter>
    <Filter Include="TestNetContext">
      <UniqueIdentifier>{f5215a7c-c613-4242-acd5-8d98ed064589}</UniqueIdentifier>
    </Filter>
  </ItemGroup>
  <ItemGroup>
    <ClCompile Include="TestSuite.cpp" />
    <ClCompile Include="TestJsonCpp\TestJsonCpp.cpp">
      <Filter>TestJsonCpp</Filter>
    </ClCompile>
    <ClCompile Include="TestMySQL\TestMySQL.cpp">
      <Filter>TestMySQL</Filter>
    </ClCompile>
    <ClCompile Include="TestSerialization\TestSerialization.cpp">
      <Filter>TestSerialization</Filter>
    </ClCompile>
    <ClCompile Include="TestNetService\TestNetService.cpp">
      <Filter>TestNetService</Filter>
    </ClCompile>
    <ClCompile Include="TestNetClient\TestNetClient.cpp">
      <Filter>TestNetClient</Filter>
    </ClCompile>
    <ClCompile Include="TestNetContext\TestNetContext.cpp">
      <Filter>TestNetContext</Filter>
    </ClCompile>
  </ItemGroup>
  <ItemGroup>
    <ClInclude Include="TestJsonCpp\TestJsonCpp.h">
      <Filter>TestJsonCpp</Filter>
    </ClInclude>
    <ClInclude Include="TestMySQL\TestMySQL.h">
      <Filter>TestMySQL</Filter>
    </ClInclude>
    <ClInclude Include="TestSerialization\TestSerialization.h">
      <Filter>TestSerialization</Filter>
    </ClInclude>
    <ClInclude Include="TestNetService\TestNetService.h">
      <Filter>TestNetService</Filter>
    </ClInclude>
    <ClInclude Include="TestNetClient\TestNetClient.h">
      <Filter>TestNetClient</Filter>
    </ClInclude>
    <ClInclude Include="TestNetContext\TestNetContext.h">
      <Filter>TestNetContext</Filter>
    </ClInclude>
  </ItemGroup>
</Project>